
Microsoft Visual Studio Solution File, Format Version 12.00
# Visual Studio Version 16
VisualStudioVersion = 16.0.30611.23
MinimumVisualStudioVersion = 10.0.40219.1
Project("{FAE04EC0-301F-11D3-BF4B-00C04F79EFBC}") = "InputChange", "InputChange\InputChange.csproj", "{3446A84A-7932-4D84-A988-FBE493302016}"
EndProject
Global
	GlobalSection(SolutionConfigurationPlatforms) = preSolution
		Debug|Any CPU = Debug|Any CPU
		Release|Any CPU = Release|Any CPU
	EndGlobalSection
	GlobalSection(ProjectConfigurationPlatforms) = postSolution
		{3446A84A-7932-4D84-A988-FBE493302016}.Debug|Any CPU.ActiveCfg = Debug|Any CPU
		{3446A84A-7932-4D84-A988-FBE493302016}.Debug|Any CPU.Build.0 = Debug|Any CPU
		{3446A84A-7932-4D84-A988-FBE493302016}.Release|Any CPU.ActiveCfg = Release|Any CPU
		{3446A84A-7932-4D84-A988-FBE493302016}.Release|Any CPU.Build.0 = Release|Any CPU
	EndGlobalSection
	GlobalSection(SolutionProperties) = preSolution
		HideSolutionNode = FALSE
	EndGlobalSection
	GlobalSection(ExtensibilityGlobals) = postSolution
		SolutionGuid = {911FA5B7-EE71-48AB-A46C-81823CA0C563}
	EndGlobalSection
EndGlobal
